{
    "version": 3,
    "terraform_version": "0.11.13",
    "serial": 9,
    "lineage": "cd73ee32-bf89-6a3f-5d6d-7634cdc0b48f",
    "modules": [
        {
            "path": [
                "root"
            ],
            "outputs": {},
            "resources": {
                "google_compute_address.static": {
                    "type": "google_compute_address",
                    "depends_on": [],
                    "primary": {
                        "id": "idmobile-interview/europe-west2/ipv4-address",
                        "attributes": {
                            "address": "35.246.120.138",
                            "address_type": "EXTERNAL",
                            "creation_timestamp": "2019-04-26T03:43:03.850-07:00",
                            "description": "",
                            "id": "idmobile-interview/europe-west2/ipv4-address",
                            "name": "ipv4-address",
                            "network_tier": "PREMIUM",
                            "project": "idmobile-interview",
                            "region": "europe-west2",
                            "self_link": "https://www.googleapis.com/compute/v1/projects/idmobile-interview/regions/europe-west2/addresses/ipv4-address",
                            "subnetwork": "",
                            "users.#": "0"
                        },
                        "meta": {
                            "e2bfb730-ecaa-11e6-8f88-34363bc7c4c0": {
                                "create": 240000000000,
                                "delete": 240000000000
                            }
                        },
                        "tainted": false
                    },
                    "deposed": [],
                    "provider": "provider.google"
                },
                "google_compute_instance.drupalrunner": {
                    "type": "google_compute_instance",
                    "depends_on": [
                        "google_compute_address.static"
                    ],
                    "primary": {
                        "id": "drupalrunner",
                        "attributes": {
                            "attached_disk.#": "0",
                            "boot_disk.#": "1",
                            "boot_disk.0.auto_delete": "true",
                            "boot_disk.0.device_name": "persistent-disk-0",
                            "boot_disk.0.disk_encryption_key_raw": "",
                            "boot_disk.0.disk_encryption_key_sha256": "",
                            "boot_disk.0.initialize_params.#": "1",
                            "boot_disk.0.initialize_params.0.image": "https://www.googleapis.com/compute/v1/projects/centos-cloud/global/images/centos-7-v20190423",
                            "boot_disk.0.initialize_params.0.size": "10",
                            "boot_disk.0.initialize_params.0.type": "pd-standard",
                            "boot_disk.0.source": "https://www.googleapis.com/compute/v1/projects/idmobile-interview/zones/europe-west2-c/disks/drupalrunner",
                            "can_ip_forward": "false",
                            "cpu_platform": "Intel Broadwell",
                            "deletion_protection": "false",
                            "guest_accelerator.#": "0",
                            "hostname": "",
                            "id": "drupalrunner",
                            "instance_id": "2425457631552298579",
                            "label_fingerprint": "42WmSpB8rSM=",
                            "labels.%": "0",
                            "machine_type": "n1-standard-1",
                            "metadata.%": "1",
                            "metadata.sshKeys": "mzgadd:ssh-rsa AAAAB3NzaC1yc2EAAAADAQABAAABAQCgcuR+gc3X3ffgWmwSh8v196JrgvT44irfE6GRgRslom1vUGPCE6OrfM/gPMf8QmqPaA4ry6dxQ1gBn6rLxawG7nns6CKpDJnAd8nJ3E+UhctU6zyp3JSM28zKM14pi+45msvF82O2ZpAQ+bZqKgeaNzlZheG3cu6OPGz1WX/bpfOULQVJ1ExDDBCrTc60t5zx71cS3I8Fu5ZLGkIFPYf0YKkYHLJY42LFzVPLERT8ZFsk7AUQ7gup2N6ClPjPED+gQK8tN1MTKWAWyZAu77jIchUrS732TBoTHmk8GoyVBU3Kt9p8J8G9BwOJdlFtCvse6wrwvwjHccBV9c3TYty7 mzgadd@set-up-machine\n",
                            "metadata_fingerprint": "XKV9o73TBtc=",
                            "metadata_startup_script": "",
                            "min_cpu_platform": "",
                            "name": "drupalrunner",
                            "network_interface.#": "1",
                            "network_interface.0.access_config.#": "1",
                            "network_interface.0.access_config.0.assigned_nat_ip": "",
                            "network_interface.0.access_config.0.nat_ip": "35.246.120.138",
                            "network_interface.0.access_config.0.network_tier": "PREMIUM",
                            "network_interface.0.access_config.0.public_ptr_domain_name": "",
                            "network_interface.0.address": "",
                            "network_interface.0.alias_ip_range.#": "0",
                            "network_interface.0.name": "nic0",
                            "network_interface.0.network": "https://www.googleapis.com/compute/v1/projects/idmobile-interview/global/networks/secure-net",
                            "network_interface.0.network_ip": "10.154.0.6",
                            "network_interface.0.subnetwork": "https://www.googleapis.com/compute/v1/projects/idmobile-interview/regions/europe-west2/subnetworks/secure-net",
                            "network_interface.0.subnetwork_project": "idmobile-interview",
                            "project": "idmobile-interview",
                            "scheduling.#": "1",
                            "scheduling.0.automatic_restart": "true",
                            "scheduling.0.on_host_maintenance": "MIGRATE",
                            "scheduling.0.preemptible": "false",
                            "scratch_disk.#": "0",
                            "self_link": "https://www.googleapis.com/compute/v1/projects/idmobile-interview/zones/europe-west2-c/instances/drupalrunner",
                            "service_account.#": "0",
                            "tags.#": "1",
                            "tags.2437353515": "drupal",
                            "tags_fingerprint": "KFP2bU-FIT8=",
                            "zone": "europe-west2-c"
                        },
                        "meta": {
                            "e2bfb730-ecaa-11e6-8f88-34363bc7c4c0": {
                                "create": 360000000000,
                                "delete": 360000000000,
                                "update": 360000000000
                            },
                            "schema_version": "6"
                        },
                        "tainted": false
                    },
                    "deposed": [],
                    "provider": "provider.google"
                },
                "null_resource.get_drupal": {
                    "type": "null_resource",
                    "depends_on": [
                        "google_compute_address.static",
                        "google_compute_instance.drupalrunner"
                    ],
                    "primary": {
                        "id": "9041761181082252458",
                        "attributes": {
                            "id": "9041761181082252458"
                        },
                        "meta": {},
                        "tainted": false
                    },
                    "deposed": [],
                    "provider": "provider.null"
                }
            },
            "depends_on": []
        }
    ]
}
